
Microsoft Visual Studio Solution File, Format Version 12.00
# Visual Studio Version 16
VisualStudioVersion = 16.0.30907.101
MinimumVisualStudioVersion = 10.0.40219.1
Project("{9A19103F-16F7-4668-BE54-9A1E7A4F7556}") = "Entities", "Entities\Entities.csproj", "{778ADA91-B38B-443B-A99F-139406AEED64}"
EndProject
Project("{9A19103F-16F7-4668-BE54-9A1E7A4F7556}") = "DataAccess", "DataAccess\DataAccess.csproj", "{88408B6E-1133-4599-AA71-7C3423285EE1}"
EndProject
Project("{9A19103F-16F7-4668-BE54-9A1E7A4F7556}") = "Business", "Business\Business.csproj", "{5D4217EB-88A7-4CF4-AD0E-485A51181776}"
EndProject
Project("{9A19103F-16F7-4668-BE54-9A1E7A4F7556}") = "ConsoleUI", "Control\ConsoleUI.csproj", "{A5DACC81-2F34-4A27-B7DD-CDDF9F2D78E8}"
EndProject
Project("{FAE04EC0-301F-11D3-BF4B-00C04F79EFBC}") = "Core", "Core\Core.csproj", "{C0099F05-7275-4946-8BE9-C1C7D5D50E65}"
EndProject
Global
	GlobalSection(SolutionConfigurationPlatforms) = preSolution
		Debug|Any CPU = Debug|Any CPU
		Release|Any CPU = Release|Any CPU
	EndGlobalSection
	GlobalSection(ProjectConfigurationPlatforms) = postSolution
		{778ADA91-B38B-443B-A99F-139406AEED64}.Debug|Any CPU.ActiveCfg = Debug|Any CPU
		{778ADA91-B38B-443B-A99F-139406AEED64}.Debug|Any CPU.Build.0 = Debug|Any CPU
		{778ADA91-B38B-443B-A99F-139406AEED64}.Release|Any CPU.ActiveCfg = Release|Any CPU
		{778ADA91-B38B-443B-A99F-139406AEED64}.Release|Any CPU.Build.0 = Release|Any CPU
		{88408B6E-1133-4599-AA71-7C3423285EE1}.Debug|Any CPU.ActiveCfg = Debug|Any CPU
		{88408B6E-1133-4599-AA71-7C3423285EE1}.Debug|Any CPU.Build.0 = Debug|Any CPU
		{88408B6E-1133-4599-AA71-7C3423285EE1}.Release|Any CPU.ActiveCfg = Release|Any CPU
		{88408B6E-1133-4599-AA71-7C3423285EE1}.Release|Any CPU.Build.0 = Release|Any CPU
		{5D4217EB-88A7-4CF4-AD0E-485A51181776}.Debug|Any CPU.ActiveCfg = Debug|Any CPU
		{5D4217EB-88A7-4CF4-AD0E-485A51181776}.Debug|Any CPU.Build.0 = Debug|Any CPU
		{5D4217EB-88A7-4CF4-AD0E-485A51181776}.Release|Any CPU.ActiveCfg = Release|Any CPU
		{5D4217EB-88A7-4CF4-AD0E-485A51181776}.Release|Any CPU.Build.0 = Release|Any CPU
		{A5DACC81-2F34-4A27-B7DD-CDDF9F2D78E8}.Debug|Any CPU.ActiveCfg = Debug|Any CPU
		{A5DACC81-2F34-4A27-B7DD-CDDF9F2D78E8}.Debug|Any CPU.Build.0 = Debug|Any CPU
		{A5DACC81-2F34-4A27-B7DD-CDDF9F2D78E8}.Release|Any CPU.ActiveCfg = Release|Any CPU
		{A5DACC81-2F34-4A27-B7DD-CDDF9F2D78E8}.Release|Any CPU.Build.0 = Release|Any CPU
		{C0099F05-7275-4946-8BE9-C1C7D5D50E65}.Debug|Any CPU.ActiveCfg = Debug|Any CPU
		{C0099F05-7275-4946-8BE9-C1C7D5D50E65}.Debug|Any CPU.Build.0 = Debug|Any CPU
		{C0099F05-7275-4946-8BE9-C1C7D5D50E65}.Release|Any CPU.ActiveCfg = Release|Any CPU
		{C0099F05-7275-4946-8BE9-C1C7D5D50E65}.Release|Any CPU.Build.0 = Release|Any CPU
	EndGlobalSection
	GlobalSection(SolutionProperties) = preSolution
		HideSolutionNode = FALSE
	EndGlobalSection
	GlobalSection(ExtensibilityGlobals) = postSolution
		SolutionGuid = {AFB958DF-E711-4063-B63A-E91AF3700846}
	EndGlobalSection
EndGlobal
